github.com/VandiKond/vanerrors v0.1.2 h1:VqkNZ4a3SkPlJe4M4Cf1IXGWmRiaPIs7ISEgaHkfgrg=
github.com/VandiKond/vanerrors v0.1.2/go.mod h1:2l9cM0Z819aAhtL1Wy9ctxjzMZ29t1yMYbhFewoJHOs=
github.com/vandi37/vanerrors v0.7.0 h1:QQ7aeM52kMFtjChzc4VoIu73HKYo3LlpiqX/iZpJuwE=
github.com/vandi37/vanerrors v0.7.0/go.mod h1:cwaqK87noSqIt+SW3vjvNyjFnlx4z4tQXdHvEcR7cBs=
